
Microsoft Visual Studio Solution File, Format Version 12.00
# Visual Studio Version 17
VisualStudioVersion = 17.5.33627.172
MinimumVisualStudioVersion = 10.0.40219.1
Project("{9A19103F-16F7-4668-BE54-9A1E7A4F7556}") = "InterviewProductionTest", "InterviewProductionTest\InterviewProductionTest.csproj", "{61AC0305-1EA5-42D2-A0F5-788017DF4518}"
EndProject
Project("{FAE04EC0-301F-11D3-BF4B-00C04F79EFBC}") = "InterviewProductionTest.xUnit", "InterviewProductionTest.xUnit\InterviewProductionTest.xUnit.csproj", "{59102E04-E5E5-48B2-98DC-7FAB5942664D}"
EndProject
Global
	GlobalSection(SolutionConfigurationPlatforms) = preSolution
		Debug|Any CPU = Debug|Any CPU
		Release|Any CPU = Release|Any CPU
	EndGlobalSection
	GlobalSection(ProjectConfigurationPlatforms) = postSolution
		{61AC0305-1EA5-42D2-A0F5-788017DF4518}.Debug|Any CPU.ActiveCfg = Debug|Any CPU
		{61AC0305-1EA5-42D2-A0F5-788017DF4518}.Debug|Any CPU.Build.0 = Debug|Any CPU
		{61AC0305-1EA5-42D2-A0F5-788017DF4518}.Release|Any CPU.ActiveCfg = Release|Any CPU
		{61AC0305-1EA5-42D2-A0F5-788017DF4518}.Release|Any CPU.Build.0 = Release|Any CPU
		{59102E04-E5E5-48B2-98DC-7FAB5942664D}.Debug|Any CPU.ActiveCfg = Debug|Any CPU
		{59102E04-E5E5-48B2-98DC-7FAB5942664D}.Debug|Any CPU.Build.0 = Debug|Any CPU
		{59102E04-E5E5-48B2-98DC-7FAB5942664D}.Release|Any CPU.ActiveCfg = Release|Any CPU
		{59102E04-E5E5-48B2-98DC-7FAB5942664D}.Release|Any CPU.Build.0 = Release|Any CPU
	EndGlobalSection
	GlobalSection(SolutionProperties) = preSolution
		HideSolutionNode = FALSE
	EndGlobalSection
	GlobalSection(ExtensibilityGlobals) = postSolution
		SolutionGuid = {B3E21D19-BA12-4CCD-91AB-7FC3E3443A38}
	EndGlobalSection
EndGlobal
